// !$*UTF8*$!
{
	archiveVersion = 1;
	classes = {
	};
	objectVersion = 54;
	objects = {

/* Begin PBXBuildFile section */
		AA0000012C88000100000001 /* J2MELoaderApp.swift in Sources */ = {isa = PBXBuildFile; fileRef = BB0000012C88000100000001 /* J2MELoaderApp.swift */; };
		AA0000022C88000100000001 /* GameItem.swift in Sources */ = {isa = PBXBuildFile; fileRef = BB0000022C88000100000001 /* GameItem.swift */; };
		AA0000032C88000100000001 /* EmulatorConfig.swift in Sources */ = {isa = PBXBuildFile; fileRef = BB0000032C88000100000001 /* EmulatorConfig.swift */; };
		AA0000042C88000100000001 /* KeyMapping.swift in Sources */ = {isa = PBXBuildFile; fileRef = BB0000042C88000100000001 /* KeyMapping.swift */; };
		AA0000052C88000100000001 /* GameManager.swift in Sources */ = {isa = PBXBuildFile; fileRef = BB0000052C88000100000001 /* GameManager.swift */; };
		AA0000062C88000100000001 /* ProfileManager.swift in Sources */ = {isa = PBXBuildFile; fileRef = BB0000062C88000100000002 /* ProfileManager.swift */; };
		AA0000072C88000100000001 /* LibraryView.swift in Sources */ = {isa = PBXBuildFile; fileRef = BB0000072C88000100000001 /* LibraryView.swift */; };
		AA0000082C88000100000001 /* GameScreenView.swift in Sources */ = {isa = PBXBuildFile; fileRef = BB0000082C88000100000001 /* GameScreenView.swift */; };
		AA0000092C88000100000001 /* VirtualKeypadView.swift in Sources */ = {isa = PBXBuildFile; fileRef = BB0000092C88000100000001 /* VirtualKeypadView.swift */; };
		AA00000A2C88000100000001 /* SettingsView.swift in Sources */ = {isa = PBXBuildFile; fileRef = BB00000A2C88000100000001 /* SettingsView.swift */; };
		AA00000B2C88000100000001 /* KeyMapperView.swift in Sources */ = {isa = PBXBuildFile; fileRef = BB00000B2C88000100000002 /* KeyMapperView.swift */; };
		AA00000C2C88000100000001 /* ShaderTuneView.swift in Sources */ = {isa = PBXBuildFile; fileRef = BB00000C2C88000100000002 /* ShaderTuneView.swift */; };
		AA00000D2C88000100000001 /* DocumentPickerView.swift in Sources */ = {isa = PBXBuildFile; fileRef = BB00000D2C88000100000001 /* DocumentPickerView.swift */; };
		AA00000E2C88000100000001 /* MetalView.swift in Sources */ = {isa = PBXBuildFile; fileRef = BB00000E2C88000100000001 /* MetalView.swift */; };
		AA0000402C88000100000001 /* AppUpdateManager.swift in Sources */ = {isa = PBXBuildFile; fileRef = BB0000402C88000100000001 /* AppUpdateManager.swift */; };
		AA0000412C88000100000001 /* UpdateModalView.swift in Sources */ = {isa = PBXBuildFile; fileRef = BB0000412C88000100000001 /* UpdateModalView.swift */; };
		AA00000F2C88000100000001 /* J2MEBridge.mm in Sources */ = {isa = PBXBuildFile; fileRef = BB00000F2C88000100000001 /* J2MEBridge.mm */; };
		AA0000332C88000100000001 /* NativeFontBridge.mm in Sources */ = {isa = PBXBuildFile; fileRef = BB0000332C88000100000001 /* NativeFontBridge.mm */; };
		AA0000312C88000100000001 /* NativeExtBridge.mm in Sources */ = {isa = PBXBuildFile; fileRef = BB0000312C88000100000001 /* NativeExtBridge.mm */; };
		AA0000102C88000100000001 /* AudioBridge.mm in Sources */ = {isa = PBXBuildFile; fileRef = BB0000102C88000100000001 /* AudioBridge.mm */; };
		AA0000112C88000100000001 /* jar_loader.cpp in Sources */ = {isa = PBXBuildFile; fileRef = BB0000112C88000100000001 /* jar_loader.cpp */; };
		AA0000122C88000100000001 /* lcdui_display.cpp in Sources */ = {isa = PBXBuildFile; fileRef = BB0000122C88000100000001 /* lcdui_display.cpp */; };
		AA0000132C88000100000001 /* game_canvas.cpp in Sources */ = {isa = PBXBuildFile; fileRef = BB0000132C88000100000002 /* game_canvas.cpp */; };
		AA0000142C88000100000001 /* m3g_engine.cpp in Sources */ = {isa = PBXBuildFile; fileRef = BB0000142C88000100000002 /* m3g_engine.cpp */; };
		AA0000152C88000100000001 /* micro3d_engine.cpp in Sources */ = {isa = PBXBuildFile; fileRef = BB0000152C88000100000002 /* micro3d_engine.cpp */; };
		AA0000162C88000100000001 /* rms_storage.cpp in Sources */ = {isa = PBXBuildFile; fileRef = BB0000162C88000100000001 /* rms_storage.cpp */; };
		AA0000172C88000100000001 /* jvm_interpreter.cpp in Sources */ = {isa = PBXBuildFile; fileRef = BB0000172C88000100000001 /* jvm_interpreter.cpp */; };
		AA00001C2C88000100000001 /* j2me_full_apis.cpp in Sources */ = {isa = PBXBuildFile; fileRef = BB00001C2C88000100000001 /* j2me_full_apis.cpp */; };
		AA0000182C88000100000001 /* jvm_bytecode.cpp in Sources */ = {isa = PBXBuildFile; fileRef = BB0000182C88000100000002 /* jvm_bytecode.cpp */; };
				DD00002C880001000001 /* eas_config.c in Sources */ = {isa = PBXBuildFile; fileRef = CC00002C880001000001 /* eas_config.c */; };
		DD00012C880001000001 /* eas_data.c in Sources */ = {isa = PBXBuildFile; fileRef = CC00012C880001000001 /* eas_data.c */; };
		DD00022C880001000001 /* eas_dlssynth.c in Sources */ = {isa = PBXBuildFile; fileRef = CC00022C880001000001 /* eas_dlssynth.c */; };
		DD00032C880001000001 /* eas_flog.c in Sources */ = {isa = PBXBuildFile; fileRef = CC00032C880001000001 /* eas_flog.c */; };
		DD00042C880001000001 /* eas_hostmm.c in Sources */ = {isa = PBXBuildFile; fileRef = CC00042C880001000001 /* eas_hostmm.c */; };
		DD00052C880001000001 /* eas_imelody.c in Sources */ = {isa = PBXBuildFile; fileRef = CC00052C880001000001 /* eas_imelody.c */; };
		DD00062C880001000001 /* eas_imelodydata.c in Sources */ = {isa = PBXBuildFile; fileRef = CC00062C880001000001 /* eas_imelodydata.c */; };
		DD00072C880001000001 /* eas_math.c in Sources */ = {isa = PBXBuildFile; fileRef = CC00072C880001000001 /* eas_math.c */; };
		DD00082C880001000001 /* eas_mdls.c in Sources */ = {isa = PBXBuildFile; fileRef = CC00082C880001000001 /* eas_mdls.c */; };
		DD00092C880001000001 /* eas_midi.c in Sources */ = {isa = PBXBuildFile; fileRef = CC00092C880001000001 /* eas_midi.c */; };
		DD00102C880001000001 /* eas_mididata.c in Sources */ = {isa = PBXBuildFile; fileRef = CC00102C880001000001 /* eas_mididata.c */; };
		DD00112C880001000001 /* eas_mixbuf.c in Sources */ = {isa = PBXBuildFile; fileRef = CC00112C880001000001 /* eas_mixbuf.c */; };
		DD00122C880001000001 /* eas_mixer.c in Sources */ = {isa = PBXBuildFile; fileRef = CC00122C880001000001 /* eas_mixer.c */; };
		DD00132C880001000001 /* eas_ota.c in Sources */ = {isa = PBXBuildFile; fileRef = CC00132C880001000001 /* eas_ota.c */; };
		DD00142C880001000001 /* eas_otadata.c in Sources */ = {isa = PBXBuildFile; fileRef = CC00142C880001000001 /* eas_otadata.c */; };
		DD00152C880001000001 /* eas_pan.c in Sources */ = {isa = PBXBuildFile; fileRef = CC00152C880001000001 /* eas_pan.c */; };
		DD00162C880001000001 /* eas_pcm.c in Sources */ = {isa = PBXBuildFile; fileRef = CC00162C880001000001 /* eas_pcm.c */; };
		DD00172C880001000001 /* eas_pcmdata.c in Sources */ = {isa = PBXBuildFile; fileRef = CC00172C880001000001 /* eas_pcmdata.c */; };
		DD00182C880001000001 /* eas_public.c in Sources */ = {isa = PBXBuildFile; fileRef = CC00182C880001000001 /* eas_public.c */; };
		DD00192C880001000001 /* eas_report.c in Sources */ = {isa = PBXBuildFile; fileRef = CC00192C880001000001 /* eas_report.c */; };
		DD00202C880001000001 /* eas_reverb.c in Sources */ = {isa = PBXBuildFile; fileRef = CC00202C880001000001 /* eas_reverb.c */; };
		DD00212C880001000001 /* eas_reverbdata.c in Sources */ = {isa = PBXBuildFile; fileRef = CC00212C880001000001 /* eas_reverbdata.c */; };
		DD00222C880001000001 /* eas_rtttl.c in Sources */ = {isa = PBXBuildFile; fileRef = CC00222C880001000001 /* eas_rtttl.c */; };
		DD00232C880001000001 /* eas_rtttldata.c in Sources */ = {isa = PBXBuildFile; fileRef = CC00232C880001000001 /* eas_rtttldata.c */; };
		DD00242C880001000001 /* eas_smf.c in Sources */ = {isa = PBXBuildFile; fileRef = CC00242C880001000001 /* eas_smf.c */; };
		DD00252C880001000001 /* eas_smfdata.c in Sources */ = {isa = PBXBuildFile; fileRef = CC00252C880001000001 /* eas_smfdata.c */; };
		DD00262C880001000001 /* eas_tcdata.c in Sources */ = {isa = PBXBuildFile; fileRef = CC00262C880001000001 /* eas_tcdata.c */; };
		DD00272C880001000001 /* eas_voicemgt.c in Sources */ = {isa = PBXBuildFile; fileRef = CC00272C880001000001 /* eas_voicemgt.c */; };
		DD00282C880001000001 /* eas_wtengine.c in Sources */ = {isa = PBXBuildFile; fileRef = CC00282C880001000001 /* eas_wtengine.c */; };
		DD00292C880001000001 /* eas_wtsynth.c in Sources */ = {isa = PBXBuildFile; fileRef = CC00292C880001000001 /* eas_wtsynth.c */; };
		DD00302C880001000001 /* eas_xmf.c in Sources */ = {isa = PBXBuildFile; fileRef = CC00302C880001000001 /* eas_xmf.c */; };
		DD00312C880001000001 /* eas_xmfdata.c in Sources */ = {isa = PBXBuildFile; fileRef = CC00312C880001000001 /* eas_xmfdata.c */; };
		DD00322C880001000001 /* jet.c in Sources */ = {isa = PBXBuildFile; fileRef = CC00322C880001000001 /* jet.c */; };
		DD00332C880001000001 /* wt_22khz.c in Sources */ = {isa = PBXBuildFile; fileRef = CC00332C880001000001 /* wt_22khz.c */; };
		AA0000192C88000100000001 /* eas_engine_bridge.c in Sources */ = {isa = PBXBuildFile; fileRef = BB0000192C88000100000002 /* eas_engine_bridge.c */; };
		AA00001A2C88000100000001 /* Shaders.metal in Sources */ = {isa = PBXBuildFile; fileRef = BB00001A2C88000100000001 /* Shaders.metal */; };
		AA00001B2C88000100000001 /* Assets.xcassets in Resources */ = {isa = PBXBuildFile; fileRef = BB00001B2C88000100000001 /* Assets.xcassets */; };
/* End PBXBuildFile section */

/* Begin PBXFileReference section */
		CC0000012C88000100000001 /* J2MELoader-iOS.app */ = {isa = PBXFileReference; explicitFileType = wrapper.application; includeInIndex = 0; path = "J2MELoader-iOS.app"; sourceTree = BUILT_PRODUCTS_DIR; };
		BB0000012C88000100000001 /* J2MELoaderApp.swift */ = {isa = PBXFileReference; lastKnownFileType = sourcecode.swift; path = J2MELoaderApp.swift; sourceTree = "<group>"; };
		BB0000022C88000100000001 /* GameItem.swift */ = {isa = PBXFileReference; lastKnownFileType = sourcecode.swift; path = GameItem.swift; sourceTree = "<group>"; };
		BB0000032C88000100000001 /* EmulatorConfig.swift */ = {isa = PBXFileReference; lastKnownFileType = sourcecode.swift; path = EmulatorConfig.swift; sourceTree = "<group>"; };
		BB0000042C88000100000001 /* KeyMapping.swift */ = {isa = PBXFileReference; lastKnownFileType = sourcecode.swift; path = KeyMapping.swift; sourceTree = "<group>"; };
		BB0000052C88000100000001 /* GameManager.swift */ = {isa = PBXFileReference; lastKnownFileType = sourcecode.swift; path = GameManager.swift; sourceTree = "<group>"; };
		BB0000062C88000100000002 /* ProfileManager.swift */ = {isa = PBXFileReference; lastKnownFileType = sourcecode.swift; path = ProfileManager.swift; sourceTree = "<group>"; };
		BB0000072C88000100000001 /* LibraryView.swift */ = {isa = PBXFileReference; lastKnownFileType = sourcecode.swift; path = LibraryView.swift; sourceTree = "<group>"; };
		BB0000082C88000100000001 /* GameScreenView.swift */ = {isa = PBXFileReference; lastKnownFileType = sourcecode.swift; path = GameScreenView.swift; sourceTree = "<group>"; };
		BB0000092C88000100000001 /* VirtualKeypadView.swift */ = {isa = PBXFileReference; lastKnownFileType = sourcecode.swift; path = VirtualKeypadView.swift; sourceTree = "<group>"; };
		BB00000A2C88000100000001 /* SettingsView.swift */ = {isa = PBXFileReference; lastKnownFileType = sourcecode.swift; path = SettingsView.swift; sourceTree = "<group>"; };
		BB00000B2C88000100000002 /* KeyMapperView.swift */ = {isa = PBXFileReference; lastKnownFileType = sourcecode.swift; path = KeyMapperView.swift; sourceTree = "<group>"; };
		BB00000C2C88000100000002 /* ShaderTuneView.swift */ = {isa = PBXFileReference; lastKnownFileType = sourcecode.swift; path = ShaderTuneView.swift; sourceTree = "<group>"; };
		BB00000D2C88000100000001 /* DocumentPickerView.swift */ = {isa = PBXFileReference; lastKnownFileType = sourcecode.swift; path = DocumentPickerView.swift; sourceTree = "<group>"; };
		BB00000E2C88000100000001 /* MetalView.swift */ = {isa = PBXFileReference; lastKnownFileType = sourcecode.swift; path = MetalView.swift; sourceTree = "<group>"; };
		BB0000402C88000100000001 /* AppUpdateManager.swift */ = {isa = PBXFileReference; lastKnownFileType = sourcecode.swift; path = AppUpdateManager.swift; sourceTree = "<group>"; };
		BB0000412C88000100000001 /* UpdateModalView.swift */ = {isa = PBXFileReference; lastKnownFileType = sourcecode.swift; path = UpdateModalView.swift; sourceTree = "<group>"; };
		BB00000F2C88000100000001 /* J2MEBridge.mm */ = {isa = PBXFileReference; lastKnownFileType = sourcecode.cpp.objcpp; path = J2MEBridge.mm; sourceTree = "<group>"; };
		BB0000102C88000100000001 /* AudioBridge.mm */ = {isa = PBXFileReference; lastKnownFileType = sourcecode.cpp.objcpp; path = AudioBridge.mm; sourceTree = "<group>"; };
		BB0000202C88000100000001 /* J2MEBridge.h */ = {isa = PBXFileReference; lastKnownFileType = sourcecode.c.h; path = J2MEBridge.h; sourceTree = "<group>"; };
		BB0000302C88000100000001 /* NativeExtBridge.h */ = {isa = PBXFileReference; lastKnownFileType = sourcecode.c.h; path = NativeExtBridge.h; sourceTree = "<group>"; };
		BB0000322C88000100000001 /* NativeFontBridge.h */ = {isa = PBXFileReference; lastKnownFileType = sourcecode.c.h; path = NativeFontBridge.h; sourceTree = "<group>"; };
		BB0000332C88000100000001 /* NativeFontBridge.mm */ = {isa = PBXFileReference; lastKnownFileType = sourcecode.cpp.objcpp; path = NativeFontBridge.mm; sourceTree = "<group>"; };
		BB0000312C88000100000001 /* NativeExtBridge.mm */ = {isa = PBXFileReference; lastKnownFileType = sourcecode.cpp.objcpp; path = NativeExtBridge.mm; sourceTree = "<group>"; };
		BB0000212C88000100000001 /* AudioBridge.h */ = {isa = PBXFileReference; lastKnownFileType = sourcecode.c.h; path = AudioBridge.h; sourceTree = "<group>"; };
		BB0000222C88000100000001 /* J2MELoader-iOS-Bridging-Header.h */ = {isa = PBXFileReference; lastKnownFileType = sourcecode.c.h; path = "J2MELoader-iOS-Bridging-Header.h"; sourceTree = "<group>"; };
		BB0000112C88000100000001 /* jar_loader.cpp */ = {isa = PBXFileReference; lastKnownFileType = sourcecode.cpp.cpp; path = jar_loader.cpp; sourceTree = "<group>"; };
		BB0000232C88000100000001 /* jar_loader.h */ = {isa = PBXFileReference; lastKnownFileType = sourcecode.c.h; path = jar_loader.h; sourceTree = "<group>"; };
		BB0000122C88000100000001 /* lcdui_display.cpp */ = {isa = PBXFileReference; lastKnownFileType = sourcecode.cpp.cpp; path = lcdui_display.cpp; sourceTree = "<group>"; };
		BB0000242C88000100000001 /* lcdui_display.h */ = {isa = PBXFileReference; lastKnownFileType = sourcecode.c.h; path = lcdui_display.h; sourceTree = "<group>"; };
		BB0000132C88000100000002 /* game_canvas.cpp */ = {isa = PBXFileReference; lastKnownFileType = sourcecode.cpp.cpp; path = game_canvas.cpp; sourceTree = "<group>"; };
		BB0000252C88000100000002 /* game_canvas.h */ = {isa = PBXFileReference; lastKnownFileType = sourcecode.c.h; path = game_canvas.h; sourceTree = "<group>"; };
		BB0000142C88000100000002 /* m3g_engine.cpp */ = {isa = PBXFileReference; lastKnownFileType = sourcecode.cpp.cpp; path = m3g_engine.cpp; sourceTree = "<group>"; };
		BB0000262C88000100000002 /* m3g_engine.h */ = {isa = PBXFileReference; lastKnownFileType = sourcecode.c.h; path = m3g_engine.h; sourceTree = "<group>"; };
		BB0000152C88000100000002 /* micro3d_engine.cpp */ = {isa = PBXFileReference; lastKnownFileType = sourcecode.cpp.cpp; path = micro3d_engine.cpp; sourceTree = "<group>"; };
		BB0000272C88000100000002 /* micro3d_engine.h */ = {isa = PBXFileReference; lastKnownFileType = sourcecode.c.h; path = micro3d_engine.h; sourceTree = "<group>"; };
		BB0000162C88000100000001 /* rms_storage.cpp */ = {isa = PBXFileReference; lastKnownFileType = sourcecode.cpp.cpp; path = rms_storage.cpp; sourceTree = "<group>"; };
		BB0000282C88000100000001 /* rms_storage.h */ = {isa = PBXFileReference; lastKnownFileType = sourcecode.c.h; path = rms_storage.h; sourceTree = "<group>"; };
		BB0000172C88000100000001 /* jvm_interpreter.cpp */ = {isa = PBXFileReference; lastKnownFileType = sourcecode.cpp.cpp; path = jvm_interpreter.cpp; sourceTree = "<group>"; };
		BB0000292C88000100000001 /* jvm_interpreter.h */ = {isa = PBXFileReference; lastKnownFileType = sourcecode.c.h; path = jvm_interpreter.h; sourceTree = "<group>"; };
		BB0000182C88000100000002 /* jvm_bytecode.cpp */ = {isa = PBXFileReference; lastKnownFileType = sourcecode.cpp.cpp; path = jvm_bytecode.cpp; sourceTree = "<group>"; };
		BB00002A2C88000100000002 /* jvm_bytecode.h */ = {isa = PBXFileReference; lastKnownFileType = sourcecode.c.h; path = jvm_bytecode.h; sourceTree = "<group>"; };
		BB00001C2C88000100000001 /* j2me_full_apis.cpp */ = {isa = PBXFileReference; lastKnownFileType = sourcecode.cpp.cpp; path = j2me_full_apis.cpp; sourceTree = "<group>"; };
		BB00001D2C88000100000001 /* j2me_full_apis.h */ = {isa = PBXFileReference; lastKnownFileType = sourcecode.c.h; path = j2me_full_apis.h; sourceTree = "<group>"; };
				CC00002C880001000001 /* eas_config.c */ = {isa = PBXFileReference; lastKnownFileType = sourcecode.c.c; path = "J2MELoader-iOS/Audio/eas/eas_config.c"; sourceTree = SOURCE_ROOT; };
		CC00012C880001000001 /* eas_data.c */ = {isa = PBXFileReference; lastKnownFileType = sourcecode.c.c; path = "J2MELoader-iOS/Audio/eas/eas_data.c"; sourceTree = SOURCE_ROOT; };
		CC00022C880001000001 /* eas_dlssynth.c */ = {isa = PBXFileReference; lastKnownFileType = sourcecode.c.c; path = "J2MELoader-iOS/Audio/eas/eas_dlssynth.c"; sourceTree = SOURCE_ROOT; };
		CC00032C880001000001 /* eas_flog.c */ = {isa = PBXFileReference; lastKnownFileType = sourcecode.c.c; path = "J2MELoader-iOS/Audio/eas/eas_flog.c"; sourceTree = SOURCE_ROOT; };
		CC00042C880001000001 /* eas_hostmm.c */ = {isa = PBXFileReference; lastKnownFileType = sourcecode.c.c; path = "J2MELoader-iOS/Audio/eas/eas_hostmm.c"; sourceTree = SOURCE_ROOT; };
		CC00052C880001000001 /* eas_imelody.c */ = {isa = PBXFileReference; lastKnownFileType = sourcecode.c.c; path = "J2MELoader-iOS/Audio/eas/eas_imelody.c"; sourceTree = SOURCE_ROOT; };
		CC00062C880001000001 /* eas_imelodydata.c */ = {isa = PBXFileReference; lastKnownFileType = sourcecode.c.c; path = "J2MELoader-iOS/Audio/eas/eas_imelodydata.c"; sourceTree = SOURCE_ROOT; };
		CC00072C880001000001 /* eas_math.c */ = {isa = PBXFileReference; lastKnownFileType = sourcecode.c.c; path = "J2MELoader-iOS/Audio/eas/eas_math.c"; sourceTree = SOURCE_ROOT; };
		CC00082C880001000001 /* eas_mdls.c */ = {isa = PBXFileReference; lastKnownFileType = sourcecode.c.c; path = "J2MELoader-iOS/Audio/eas/eas_mdls.c"; sourceTree = SOURCE_ROOT; };
		CC00092C880001000001 /* eas_midi.c */ = {isa = PBXFileReference; lastKnownFileType = sourcecode.c.c; path = "J2MELoader-iOS/Audio/eas/eas_midi.c"; sourceTree = SOURCE_ROOT; };
		CC00102C880001000001 /* eas_mididata.c */ = {isa = PBXFileReference; lastKnownFileType = sourcecode.c.c; path = "J2MELoader-iOS/Audio/eas/eas_mididata.c"; sourceTree = SOURCE_ROOT; };
		CC00112C880001000001 /* eas_mixbuf.c */ = {isa = PBXFileReference; lastKnownFileType = sourcecode.c.c; path = "J2MELoader-iOS/Audio/eas/eas_mixbuf.c"; sourceTree = SOURCE_ROOT; };
		CC00122C880001000001 /* eas_mixer.c */ = {isa = PBXFileReference; lastKnownFileType = sourcecode.c.c; path = "J2MELoader-iOS/Audio/eas/eas_mixer.c"; sourceTree = SOURCE_ROOT; };
		CC00132C880001000001 /* eas_ota.c */ = {isa = PBXFileReference; lastKnownFileType = sourcecode.c.c; path = "J2MELoader-iOS/Audio/eas/eas_ota.c"; sourceTree = SOURCE_ROOT; };
		CC00142C880001000001 /* eas_otadata.c */ = {isa = PBXFileReference; lastKnownFileType = sourcecode.c.c; path = "J2MELoader-iOS/Audio/eas/eas_otadata.c"; sourceTree = SOURCE_ROOT; };
		CC00152C880001000001 /* eas_pan.c */ = {isa = PBXFileReference; lastKnownFileType = sourcecode.c.c; path = "J2MELoader-iOS/Audio/eas/eas_pan.c"; sourceTree = SOURCE_ROOT; };
		CC00162C880001000001 /* eas_pcm.c */ = {isa = PBXFileReference; lastKnownFileType = sourcecode.c.c; path = "J2MELoader-iOS/Audio/eas/eas_pcm.c"; sourceTree = SOURCE_ROOT; };
		CC00172C880001000001 /* eas_pcmdata.c */ = {isa = PBXFileReference; lastKnownFileType = sourcecode.c.c; path = "J2MELoader-iOS/Audio/eas/eas_pcmdata.c"; sourceTree = SOURCE_ROOT; };
		CC00182C880001000001 /* eas_public.c */ = {isa = PBXFileReference; lastKnownFileType = sourcecode.c.c; path = "J2MELoader-iOS/Audio/eas/eas_public.c"; sourceTree = SOURCE_ROOT; };
		CC00192C880001000001 /* eas_report.c */ = {isa = PBXFileReference; lastKnownFileType = sourcecode.c.c; path = "J2MELoader-iOS/Audio/eas/eas_report.c"; sourceTree = SOURCE_ROOT; };
		CC00202C880001000001 /* eas_reverb.c */ = {isa = PBXFileReference; lastKnownFileType = sourcecode.c.c; path = "J2MELoader-iOS/Audio/eas/eas_reverb.c"; sourceTree = SOURCE_ROOT; };
		CC00212C880001000001 /* eas_reverbdata.c */ = {isa = PBXFileReference; lastKnownFileType = sourcecode.c.c; path = "J2MELoader-iOS/Audio/eas/eas_reverbdata.c"; sourceTree = SOURCE_ROOT; };
		CC00222C880001000001 /* eas_rtttl.c */ = {isa = PBXFileReference; lastKnownFileType = sourcecode.c.c; path = "J2MELoader-iOS/Audio/eas/eas_rtttl.c"; sourceTree = SOURCE_ROOT; };
		CC00232C880001000001 /* eas_rtttldata.c */ = {isa = PBXFileReference; lastKnownFileType = sourcecode.c.c; path = "J2MELoader-iOS/Audio/eas/eas_rtttldata.c"; sourceTree = SOURCE_ROOT; };
		CC00242C880001000001 /* eas_smf.c */ = {isa = PBXFileReference; lastKnownFileType = sourcecode.c.c; path = "J2MELoader-iOS/Audio/eas/eas_smf.c"; sourceTree = SOURCE_ROOT; };
		CC00252C880001000001 /* eas_smfdata.c */ = {isa = PBXFileReference; lastKnownFileType = sourcecode.c.c; path = "J2MELoader-iOS/Audio/eas/eas_smfdata.c"; sourceTree = SOURCE_ROOT; };
		CC00262C880001000001 /* eas_tcdata.c */ = {isa = PBXFileReference; lastKnownFileType = sourcecode.c.c; path = "J2MELoader-iOS/Audio/eas/eas_tcdata.c"; sourceTree = SOURCE_ROOT; };
		CC00272C880001000001 /* eas_voicemgt.c */ = {isa = PBXFileReference; lastKnownFileType = sourcecode.c.c; path = "J2MELoader-iOS/Audio/eas/eas_voicemgt.c"; sourceTree = SOURCE_ROOT; };
		CC00282C880001000001 /* eas_wtengine.c */ = {isa = PBXFileReference; lastKnownFileType = sourcecode.c.c; path = "J2MELoader-iOS/Audio/eas/eas_wtengine.c"; sourceTree = SOURCE_ROOT; };
		CC00292C880001000001 /* eas_wtsynth.c */ = {isa = PBXFileReference; lastKnownFileType = sourcecode.c.c; path = "J2MELoader-iOS/Audio/eas/eas_wtsynth.c"; sourceTree = SOURCE_ROOT; };
		CC00302C880001000001 /* eas_xmf.c */ = {isa = PBXFileReference; lastKnownFileType = sourcecode.c.c; path = "J2MELoader-iOS/Audio/eas/eas_xmf.c"; sourceTree = SOURCE_ROOT; };
		CC00312C880001000001 /* eas_xmfdata.c */ = {isa = PBXFileReference; lastKnownFileType = sourcecode.c.c; path = "J2MELoader-iOS/Audio/eas/eas_xmfdata.c"; sourceTree = SOURCE_ROOT; };
		CC00322C880001000001 /* jet.c */ = {isa = PBXFileReference; lastKnownFileType = sourcecode.c.c; path = "J2MELoader-iOS/Audio/eas/jet.c"; sourceTree = SOURCE_ROOT; };
		CC00332C880001000001 /* wt_22khz.c */ = {isa = PBXFileReference; lastKnownFileType = sourcecode.c.c; path = "J2MELoader-iOS/Audio/eas/wt_22khz.c"; sourceTree = SOURCE_ROOT; };
		BB0000192C88000100000002 /* eas_engine_bridge.c */ = {isa = PBXFileReference; lastKnownFileType = sourcecode.c.c; path = eas_engine_bridge.c; sourceTree = "<group>"; };
		BB00002B2C88000100000002 /* eas_engine_bridge.h */ = {isa = PBXFileReference; lastKnownFileType = sourcecode.c.h; path = eas_engine_bridge.h; sourceTree = "<group>"; };
		BB00001A2C88000100000001 /* Shaders.metal */ = {isa = PBXFileReference; lastKnownFileType = sourcecode.metal; path = "Shaders/Shaders.metal"; sourceTree = "<group>"; };
		BB00002C2C88000100000001 /* Info.plist */ = {isa = PBXFileReference; lastKnownFileType = text.plist.xml; path = "Resources/Info.plist"; sourceTree = "<group>"; };
		BB00001B2C88000100000001 /* Assets.xcassets */ = {isa = PBXFileReference; lastKnownFileType = folder.assetcatalog; path = Assets.xcassets; sourceTree = "<group>"; };
/* End PBXFileReference section */

/* Begin PBXFrameworksBuildPhase section */
		DD0000012C88000100000001 /* Frameworks */ = {
			isa = PBXFrameworksBuildPhase;
			buildActionMask = 2147483647;
			files = (
			);
			runOnlyForDeploymentPostprocessing = 0;
		};
/* End PBXFrameworksBuildPhase section */

/* Begin PBXGroup section */
		EE0000012C88000100000001 = {
			isa = PBXGroup;
			children = (
				EE0000022C88000100000001 /* J2MELoader-iOS */,
				EE0000092C88000100000001 /* Products */,
			);
			sourceTree = "<group>";
		};
		EE0000022C88000100000001 /* J2MELoader-iOS */ = {
			isa = PBXGroup;
			children = (
				EE0000032C88000100000001 /* App */,
				EE0000042C88000100000001 /* Models */,
				EE0000052C88000100000001 /* Views */,
				EE0000062C88000100000001 /* Bridge */,
				EE0000072C88000100000001 /* Core */,
				EE0000082C88000100000001 /* Audio */,
				BB00001A2C88000100000001 /* Shaders.metal */,
				BB00001B2C88000100000001 /* Assets.xcassets */,
				BB00002C2C88000100000001 /* Info.plist */,
			);
			path = "J2MELoader-iOS";
			sourceTree = "<group>";
		};
		EE0000032C88000100000001 /* App */ = {
			isa = PBXGroup;
			children = (
				BB0000012C88000100000001 /* J2MELoaderApp.swift */,
			);
			path = App;
			sourceTree = "<group>";
		};
		EE0000042C88000100000001 /* Models */ = {
			isa = PBXGroup;
			children = (
				BB0000022C88000100000001 /* GameItem.swift */,
				BB0000032C88000100000001 /* EmulatorConfig.swift */,
				BB0000042C88000100000001 /* KeyMapping.swift */,
				BB0000052C88000100000001 /* GameManager.swift */,
				BB0000062C88000100000002 /* ProfileManager.swift */,
				BB0000402C88000100000001 /* AppUpdateManager.swift */,
			);
			path = Models;
			sourceTree = "<group>";
		};
		EE0000052C88000100000001 /* Views */ = {
			isa = PBXGroup;
			children = (
				BB0000072C88000100000001 /* LibraryView.swift */,
				BB0000082C88000100000001 /* GameScreenView.swift */,
				BB0000092C88000100000001 /* VirtualKeypadView.swift */,
				BB00000A2C88000100000001 /* SettingsView.swift */,
				BB00000B2C88000100000002 /* KeyMapperView.swift */,
				BB00000C2C88000100000002 /* ShaderTuneView.swift */,
				BB00000D2C88000100000001 /* DocumentPickerView.swift */,
				BB00000E2C88000100000001 /* MetalView.swift */,
				BB0000412C88000100000001 /* UpdateModalView.swift */,
			);
			path = Views;
			sourceTree = "<group>";
		};
		EE0000062C88000100000001 /* Bridge */ = {
			isa = PBXGroup;
			children = (
				BB0000202C88000100000001 /* J2MEBridge.h */,
				BB00000F2C88000100000001 /* J2MEBridge.mm */,
				BB0000302C88000100000001 /* NativeExtBridge.h */,
				BB0000322C88000100000001 /* NativeFontBridge.h */,
				BB0000332C88000100000001 /* NativeFontBridge.mm */,
				BB0000312C88000100000001 /* NativeExtBridge.mm */,
				BB0000212C88000100000001 /* AudioBridge.h */,
				BB0000102C88000100000001 /* AudioBridge.mm */,
				BB0000222C88000100000001 /* J2MELoader-iOS-Bridging-Header.h */,
			);
			path = Bridge;
			sourceTree = "<group>";
		};
		EE0000072C88000100000001 /* Core */ = {
			isa = PBXGroup;
			children = (
				BB0000232C88000100000001 /* jar_loader.h */,
				BB0000112C88000100000001 /* jar_loader.cpp */,
				BB0000242C88000100000001 /* lcdui_display.h */,
				BB0000122C88000100000001 /* lcdui_display.cpp */,
				BB0000252C88000100000002 /* game_canvas.h */,
				BB0000132C88000100000002 /* game_canvas.cpp */,
				BB0000262C88000100000002 /* m3g_engine.h */,
				BB0000142C88000100000002 /* m3g_engine.cpp */,
				BB0000272C88000100000002 /* micro3d_engine.h */,
				BB0000152C88000100000002 /* micro3d_engine.cpp */,
				BB0000282C88000100000001 /* rms_storage.h */,
				BB0000162C88000100000001 /* rms_storage.cpp */,
				BB0000292C88000100000001 /* jvm_interpreter.h */,
				BB0000172C88000100000001 /* jvm_interpreter.cpp */,
				BB00001C2C88000100000001 /* j2me_full_apis.cpp */,
				BB00001D2C88000100000001 /* j2me_full_apis.h */,
				BB00002A2C88000100000002 /* jvm_bytecode.h */,
				BB0000182C88000100000002 /* jvm_bytecode.cpp */,
			);
			path = Core;
			sourceTree = "<group>";
		};
		EE0000082C88000100000001 /* Audio */ = {
			isa = PBXGroup;
			children = (
				BB00002B2C88000100000002 /* eas_engine_bridge.h */,
				BB0000192C88000100000002 /* eas_engine_bridge.c */,
				CC00002C880001000001 /* eas_config.c */,
				CC00012C880001000001 /* eas_data.c */,
				CC00022C880001000001 /* eas_dlssynth.c */,
				CC00032C880001000001 /* eas_flog.c */,
				CC00042C880001000001 /* eas_hostmm.c */,
				CC00052C880001000001 /* eas_imelody.c */,
				CC00062C880001000001 /* eas_imelodydata.c */,
				CC00072C880001000001 /* eas_math.c */,
				CC00082C880001000001 /* eas_mdls.c */,
				CC00092C880001000001 /* eas_midi.c */,
				CC00102C880001000001 /* eas_mididata.c */,
				CC00112C880001000001 /* eas_mixbuf.c */,
				CC00122C880001000001 /* eas_mixer.c */,
				CC00132C880001000001 /* eas_ota.c */,
				CC00142C880001000001 /* eas_otadata.c */,
				CC00152C880001000001 /* eas_pan.c */,
				CC00162C880001000001 /* eas_pcm.c */,
				CC00172C880001000001 /* eas_pcmdata.c */,
				CC00182C880001000001 /* eas_public.c */,
				CC00192C880001000001 /* eas_report.c */,
				CC00202C880001000001 /* eas_reverb.c */,
				CC00212C880001000001 /* eas_reverbdata.c */,
				CC00222C880001000001 /* eas_rtttl.c */,
				CC00232C880001000001 /* eas_rtttldata.c */,
				CC00242C880001000001 /* eas_smf.c */,
				CC00252C880001000001 /* eas_smfdata.c */,
				CC00262C880001000001 /* eas_tcdata.c */,
				CC00272C880001000001 /* eas_voicemgt.c */,
				CC00282C880001000001 /* eas_wtengine.c */,
				CC00292C880001000001 /* eas_wtsynth.c */,
				CC00302C880001000001 /* eas_xmf.c */,
				CC00312C880001000001 /* eas_xmfdata.c */,
				CC00322C880001000001 /* jet.c */,
				CC00332C880001000001 /* wt_22khz.c */,
			);
			path = Audio;
			sourceTree = "<group>";
		};
		EE0000092C88000100000001 /* Products */ = {
			isa = PBXGroup;
			children = (
				CC0000012C88000100000001 /* J2MELoader-iOS.app */,
			);
			name = Products;
			sourceTree = "<group>";
		};
/* End PBXGroup section */

/* Begin PBXNativeTarget section */
		FF0000012C88000100000001 /* J2MELoader-iOS */ = {
			isa = PBXNativeTarget;
			buildConfigurationList = GG0000012C88000100000001 /* Build configuration list for PBXNativeTarget "J2MELoader-iOS" */;
			buildPhases = (
				DD0000022C88000100000001 /* Sources */,
				DD0000012C88000100000001 /* Frameworks */,
				DD0000032C88000100000001 /* Resources */,
			);
			buildRules = (
			);
			dependencies = (
			);
			name = "J2MELoader-iOS";
			productName = "J2MELoader-iOS";
			productReference = CC0000012C88000100000001 /* J2MELoader-iOS.app */;
			productType = "com.apple.product-type.application";
		};
/* End PBXNativeTarget section */

/* Begin PBXProject section */
		000000012C88000100000001 /* Project object */ = {
			isa = PBXProject;
			attributes = {
				BuildIndependentTargetsInParallel = 1;
				LastSwiftUpdateCheck = 1500;
				LastUpgradeCheck = 1500;
				TargetAttributes = {
					FF0000012C88000100000001 = {
						CreatedOnToolsVersion = 15.0;
					};
				};
			};
			buildConfigurationList = GG0000022C88000100000001 /* Build configuration list for PBXProject "J2MELoader-iOS" */;
			compatibilityVersion = "Xcode 14.0";
			developmentRegion = en;
			hasScannedForEncodings = 0;
			knownRegions = (
				en,
				Base,
			);
			mainGroup = EE0000012C88000100000001;
			productRefGroup = EE0000092C88000100000001 /* Products */;
			projectDirPath = "";
			projectRoot = "";
			targets = (
				FF0000012C88000100000001 /* J2MELoader-iOS */,
			);
		};
/* End PBXProject section */

/* Begin PBXResourcesBuildPhase section */
		DD0000032C88000100000001 /* Resources */ = {
			isa = PBXResourcesBuildPhase;
			buildActionMask = 2147483647;
			files = (
				AA00001B2C88000100000001 /* Assets.xcassets in Resources */,
			);
			runOnlyForDeploymentPostprocessing = 0;
		};
/* End PBXResourcesBuildPhase section */

/* Begin PBXSourcesBuildPhase section */
		DD0000022C88000100000001 /* Sources */ = {
			isa = PBXSourcesBuildPhase;
			buildActionMask = 2147483647;
			files = (
				AA0000012C88000100000001 /* J2MELoaderApp.swift in Sources */,
				AA0000022C88000100000001 /* GameItem.swift in Sources */,
				AA0000032C88000100000001 /* EmulatorConfig.swift in Sources */,
				AA0000042C88000100000001 /* KeyMapping.swift in Sources */,
				AA0000052C88000100000001 /* GameManager.swift in Sources */,
				AA0000062C88000100000001 /* ProfileManager.swift in Sources */,
				AA0000072C88000100000001 /* LibraryView.swift in Sources */,
				AA0000082C88000100000001 /* GameScreenView.swift in Sources */,
				AA0000092C88000100000001 /* VirtualKeypadView.swift in Sources */,
				AA00000A2C88000100000001 /* SettingsView.swift in Sources */,
				AA00000B2C88000100000001 /* KeyMapperView.swift in Sources */,
				AA00000C2C88000100000001 /* ShaderTuneView.swift in Sources */,
				AA00000D2C88000100000001 /* DocumentPickerView.swift in Sources */,
				AA00000E2C88000100000001 /* MetalView.swift in Sources */,
				AA0000402C88000100000001 /* AppUpdateManager.swift in Sources */,
				AA0000412C88000100000001 /* UpdateModalView.swift in Sources */,
				AA00000F2C88000100000001 /* J2MEBridge.mm in Sources */,
				AA0000332C88000100000001 /* NativeFontBridge.mm in Sources */,
				AA0000312C88000100000001 /* NativeExtBridge.mm in Sources */,
				AA0000102C88000100000001 /* AudioBridge.mm in Sources */,
				AA0000112C88000100000001 /* jar_loader.cpp in Sources */,
				AA0000122C88000100000001 /* lcdui_display.cpp in Sources */,
				AA0000132C88000100000001 /* game_canvas.cpp in Sources */,
				AA0000142C88000100000001 /* m3g_engine.cpp in Sources */,
				AA0000152C88000100000001 /* micro3d_engine.cpp in Sources */,
				AA0000162C88000100000001 /* rms_storage.cpp in Sources */,
				AA0000172C88000100000001 /* jvm_interpreter.cpp in Sources */,
				AA0000182C88000100000001 /* jvm_bytecode.cpp in Sources */,
				AA00001C2C88000100000001 /* j2me_full_apis.cpp in Sources */,
								DD00002C880001000001 /* eas_config.c in Sources */,
				DD00012C880001000001 /* eas_data.c in Sources */,
				DD00022C880001000001 /* eas_dlssynth.c in Sources */,
				DD00032C880001000001 /* eas_flog.c in Sources */,
				DD00042C880001000001 /* eas_hostmm.c in Sources */,
				DD00052C880001000001 /* eas_imelody.c in Sources */,
				DD00062C880001000001 /* eas_imelodydata.c in Sources */,
				DD00072C880001000001 /* eas_math.c in Sources */,
				DD00082C880001000001 /* eas_mdls.c in Sources */,
				DD00092C880001000001 /* eas_midi.c in Sources */,
				DD00102C880001000001 /* eas_mididata.c in Sources */,
				DD00112C880001000001 /* eas_mixbuf.c in Sources */,
				DD00122C880001000001 /* eas_mixer.c in Sources */,
				DD00132C880001000001 /* eas_ota.c in Sources */,
				DD00142C880001000001 /* eas_otadata.c in Sources */,
				DD00152C880001000001 /* eas_pan.c in Sources */,
				DD00162C880001000001 /* eas_pcm.c in Sources */,
				DD00172C880001000001 /* eas_pcmdata.c in Sources */,
				DD00182C880001000001 /* eas_public.c in Sources */,
				DD00192C880001000001 /* eas_report.c in Sources */,
				DD00202C880001000001 /* eas_reverb.c in Sources */,
				DD00212C880001000001 /* eas_reverbdata.c in Sources */,
				DD00222C880001000001 /* eas_rtttl.c in Sources */,
				DD00232C880001000001 /* eas_rtttldata.c in Sources */,
				DD00242C880001000001 /* eas_smf.c in Sources */,
				DD00252C880001000001 /* eas_smfdata.c in Sources */,
				DD00262C880001000001 /* eas_tcdata.c in Sources */,
				DD00272C880001000001 /* eas_voicemgt.c in Sources */,
				DD00282C880001000001 /* eas_wtengine.c in Sources */,
				DD00292C880001000001 /* eas_wtsynth.c in Sources */,
				DD00302C880001000001 /* eas_xmf.c in Sources */,
				DD00312C880001000001 /* eas_xmfdata.c in Sources */,
				DD00322C880001000001 /* jet.c in Sources */,
				DD00332C880001000001 /* wt_22khz.c in Sources */,
				AA0000192C88000100000001 /* eas_engine_bridge.c in Sources */,
				AA00001A2C88000100000001 /* Shaders.metal in Sources */,
			);
			runOnlyForDeploymentPostprocessing = 0;
		};
/* End PBXSourcesBuildPhase section */

/* Begin XCBuildConfiguration section */
		110000012C88000100000001 /* Debug */ = {
			isa = XCBuildConfiguration;
			buildSettings = {
				ALWAYS_SEARCH_USER_PATHS = NO;
				CLANG_ANALYZER_NONNULL = YES;
				CLANG_CXX_LANGUAGE_STANDARD = "gnu++17";
				CLANG_CXX_LIBRARY = "libc++";
				CLANG_ENABLE_MODULES = YES;
				CLANG_ENABLE_OBJC_ARC = YES;
				ENABLE_STRICT_OBJC_MSGSEND = YES;
				ENABLE_TESTABILITY = YES;
				GCC_C_LANGUAGE_STANDARD = gnu11;
				GCC_DYNAMIC_NO_PIC = NO;
				GCC_OPTIMIZATION_LEVEL = 0;
				GCC_PREPROCESSOR_DEFINITIONS = (
					"DEBUG=1",
					"UNIFIED_DEBUG_MESSAGES",
					"EAS_WT_SYNTH",
					"NUM_OUTPUT_CHANNELS=2",
					"_SAMPLE_RATE_22050",
					"MAX_SYNTH_VOICES=64",
					"_16_BIT_SAMPLES",
					"_FILTER_ENABLED",
					"_IMELODY_PARSER",
					"_RTTTL_PARSER",
					"_OTA_PARSER",
					"_XMF_PARSER",
					"_REVERB_ENABLED",
					"DLS_SYNTHESIZER",
					"MMAPI_SUPPORT",
					"JET_INTERFACE",
					"_EAS_OPT_FILE",
					"_ARM_WORKAROUND",
					"$(inherited)",
				);
				HEADER_SEARCH_PATHS = (
					"$(inherited)",
					"$(SRCROOT)/J2MELoader-iOS",
					"$(SRCROOT)/J2MELoader-iOS/Bridge",
					"$(SRCROOT)/J2MELoader-iOS/Audio",
					"$(SRCROOT)/J2MELoader-iOS/Audio/eas",
					"$(SRCROOT)/J2MELoader-iOS/Core",
				);
				IPHONEOS_DEPLOYMENT_TARGET = 15.0;
				MTL_ENABLE_DEBUG_INFO = INCLUDE_SOURCE;
				MTL_FAST_MATH = YES;
				ONLY_ACTIVE_ARCH = YES;
				SDKROOT = iphoneos;
				SUPPORTED_PLATFORMS = "iphoneos iphonesimulator macosx";
				SUPPORTS_MACCATALYST = YES;
				SUPPORTS_MAC_DESIGNED_FOR_IPHONE_IPAD = YES;
				SWIFT_ACTIVE_COMPILATION_CONDITIONS = DEBUG;
				SWIFT_OPTIMIZATION_LEVEL = "-Onone";
			};
			name = Debug;
		};
		110000022C88000100000001 /* Release */ = {
			isa = XCBuildConfiguration;
			buildSettings = {
				ALWAYS_SEARCH_USER_PATHS = NO;
				CLANG_ANALYZER_NONNULL = YES;
				CLANG_CXX_LANGUAGE_STANDARD = "gnu++17";
				CLANG_CXX_LIBRARY = "libc++";
				CLANG_ENABLE_MODULES = YES;
				CLANG_ENABLE_OBJC_ARC = YES;
				ENABLE_NS_ASSERTIONS = NO;
				ENABLE_STRICT_OBJC_MSGSEND = YES;
				GCC_C_LANGUAGE_STANDARD = gnu11;
				GCC_PREPROCESSOR_DEFINITIONS = (
					"UNIFIED_DEBUG_MESSAGES",
					"EAS_WT_SYNTH",
					"NUM_OUTPUT_CHANNELS=2",
					"_SAMPLE_RATE_22050",
					"MAX_SYNTH_VOICES=64",
					"_16_BIT_SAMPLES",
					"_FILTER_ENABLED",
					"_IMELODY_PARSER",
					"_RTTTL_PARSER",
					"_OTA_PARSER",
					"_XMF_PARSER",
					"_REVERB_ENABLED",
					"DLS_SYNTHESIZER",
					"MMAPI_SUPPORT",
					"JET_INTERFACE",
					"_EAS_OPT_FILE",
					"_ARM_WORKAROUND",
					"$(inherited)",
				);
				HEADER_SEARCH_PATHS = (
					"$(inherited)",
					"$(SRCROOT)/J2MELoader-iOS",
					"$(SRCROOT)/J2MELoader-iOS/Bridge",
					"$(SRCROOT)/J2MELoader-iOS/Audio",
					"$(SRCROOT)/J2MELoader-iOS/Audio/eas",
					"$(SRCROOT)/J2MELoader-iOS/Core",
				);
				IPHONEOS_DEPLOYMENT_TARGET = 15.0;
				MTL_ENABLE_DEBUG_INFO = NO;
				MTL_FAST_MATH = YES;
				SDKROOT = iphoneos;
				SUPPORTED_PLATFORMS = "iphoneos iphonesimulator macosx";
				SUPPORTS_MACCATALYST = YES;
				SUPPORTS_MAC_DESIGNED_FOR_IPHONE_IPAD = YES;
				SWIFT_COMPILATION_MODE = wholemodule;
				SWIFT_OPTIMIZATION_LEVEL = "-O";
				VALIDATE_PRODUCT = YES;
			};
			name = Release;
		};
		110000032C88000100000001 /* Debug */ = {
			isa = XCBuildConfiguration;
			buildSettings = {
				ASSETCATALOG_COMPILER_APPICON_NAME = AppIcon;
				CODE_SIGN_STYLE = Automatic;
				CURRENT_PROJECT_VERSION = 1;
				DEVELOPMENT_TEAM = "";
				ENABLE_PREVIEWS = YES;
				GENERATE_INFOPLIST_FILE = NO;
				INFOPLIST_FILE = "J2MELoader-iOS/Resources/Info.plist";
				IPHONEOS_DEPLOYMENT_TARGET = 15.0;
				LD_RUNPATH_SEARCH_PATHS = (
					"$(inherited)",
					"@executable_path/Frameworks",
				);
				MARKETING_VERSION = 1.8.2;
				OTHER_LDFLAGS = (
					"$(inherited)",
					"-lz",
					"-framework", "Metal",
					"-framework", "MetalKit",
					"-framework", "AVFoundation",
					"-framework", "AudioToolbox",
					"-weak_framework", "CoreBluetooth",
					"-weak_framework", "CoreLocation",
					"-weak_framework", "Contacts",
					"-weak_framework", "EventKit",
					"-weak_framework", "MessageUI",
					"-framework", "Network",
					"-framework", "CoreText",
					"-framework", "CoreGraphics",
					"-framework", "UIKit",
				);
				PRODUCT_BUNDLE_IDENTIFIER = com.playsoftware.j2meloader;
				PRODUCT_NAME = "$(TARGET_NAME)";
				SWIFT_EMIT_LOC_STRINGS = YES;
				SWIFT_OBJC_BRIDGING_HEADER = "J2MELoader-iOS/Bridge/J2MELoader-iOS-Bridging-Header.h";
				SWIFT_VERSION = 5.0;
				TARGETED_DEVICE_FAMILY = "1,2";
				HEADER_SEARCH_PATHS = (
					"$(inherited)",
					"$(SRCROOT)/J2MELoader-iOS",
					"$(SRCROOT)/J2MELoader-iOS/Bridge",
					"$(SRCROOT)/J2MELoader-iOS/Audio",
					"$(SRCROOT)/J2MELoader-iOS/Audio/eas",
					"$(SRCROOT)/J2MELoader-iOS/Core",
				);
			};
			name = Debug;
		};
		110000042C88000100000001 /* Release */ = {
			isa = XCBuildConfiguration;
			buildSettings = {
				ASSETCATALOG_COMPILER_APPICON_NAME = AppIcon;
				CODE_SIGN_STYLE = Automatic;
				CURRENT_PROJECT_VERSION = 1;
				DEVELOPMENT_TEAM = "";
				ENABLE_PREVIEWS = YES;
				GENERATE_INFOPLIST_FILE = NO;
				INFOPLIST_FILE = "J2MELoader-iOS/Resources/Info.plist";
				IPHONEOS_DEPLOYMENT_TARGET = 15.0;
				LD_RUNPATH_SEARCH_PATHS = (
					"$(inherited)",
					"@executable_path/Frameworks",
				);
				MARKETING_VERSION = 1.8.2;
				OTHER_LDFLAGS = (
					"$(inherited)",
					"-lz",
					"-framework", "Metal",
					"-framework", "MetalKit",
					"-framework", "AVFoundation",
					"-framework", "AudioToolbox",
					"-weak_framework", "CoreBluetooth",
					"-weak_framework", "CoreLocation",
					"-weak_framework", "Contacts",
					"-weak_framework", "EventKit",
					"-weak_framework", "MessageUI",
					"-framework", "Network",
					"-framework", "CoreText",
					"-framework", "CoreGraphics",
					"-framework", "UIKit",
				);
				PRODUCT_BUNDLE_IDENTIFIER = com.playsoftware.j2meloader;
				PRODUCT_NAME = "$(TARGET_NAME)";
				SWIFT_EMIT_LOC_STRINGS = YES;
				SWIFT_OBJC_BRIDGING_HEADER = "J2MELoader-iOS/Bridge/J2MELoader-iOS-Bridging-Header.h";
				SWIFT_VERSION = 5.0;
				TARGETED_DEVICE_FAMILY = "1,2";
				HEADER_SEARCH_PATHS = (
					"$(inherited)",
					"$(SRCROOT)/J2MELoader-iOS",
					"$(SRCROOT)/J2MELoader-iOS/Bridge",
					"$(SRCROOT)/J2MELoader-iOS/Audio",
					"$(SRCROOT)/J2MELoader-iOS/Audio/eas",
					"$(SRCROOT)/J2MELoader-iOS/Core",
				);
			};
			name = Release;
		};
/* End XCBuildConfiguration section */

/* Begin XCConfigurationList section */
		GG0000012C88000100000001 /* Build configuration list for PBXNativeTarget "J2MELoader-iOS" */ = {
			isa = XCConfigurationList;
			buildConfigurations = (
				110000032C88000100000001 /* Debug */,
				110000042C88000100000001 /* Release */,
			);
			defaultConfigurationIsVisible = 0;
			defaultConfigurationName = Release;
		};
		GG0000022C88000100000001 /* Build configuration list for PBXProject "J2MELoader-iOS" */ = {
			isa = XCConfigurationList;
			buildConfigurations = (
				110000012C88000100000001 /* Debug */,
				110000022C88000100000001 /* Release */,
			);
			defaultConfigurationIsVisible = 0;
			defaultConfigurationName = Release;
		};
/* End XCConfigurationList section */

	};
	rootObject = 000000012C88000100000001 /* Project object */;
}